
Microsoft Visual Studio Solution File, Format Version 12.00
# Visual Studio Version 16
VisualStudioVersion = 16.0.29905.134
MinimumVisualStudioVersion = 10.0.40219.1
Project("{FAE04EC0-301F-11D3-BF4B-00C04F79EFBC}") = "ASP.NETModule6TPDojo", "ASP.NETModule6TPDojo\ASP.NETModule6TPDojo.csproj", "{0A9E5540-55C4-4DAF-A369-D607E9EFCB18}"
EndProject
Project("{FAE04EC0-301F-11D3-BF4B-00C04F79EFBC}") = "BO", "BO\BO.csproj", "{0BBA0441-0AB7-4112-946B-521C9CEC7367}"
EndProject
Global
	GlobalSection(SolutionConfigurationPlatforms) = preSolution
		Debug|Any CPU = Debug|Any CPU
		Release|Any CPU = Release|Any CPU
	EndGlobalSection
	GlobalSection(ProjectConfigurationPlatforms) = postSolution
		{0A9E5540-55C4-4DAF-A369-D607E9EFCB18}.Debug|Any CPU.ActiveCfg = Debug|Any CPU
		{0A9E5540-55C4-4DAF-A369-D607E9EFCB18}.Debug|Any CPU.Build.0 = Debug|Any CPU
		{0A9E5540-55C4-4DAF-A369-D607E9EFCB18}.Release|Any CPU.ActiveCfg = Release|Any CPU
		{0A9E5540-55C4-4DAF-A369-D607E9EFCB18}.Release|Any CPU.Build.0 = Release|Any CPU
		{0BBA0441-0AB7-4112-946B-521C9CEC7367}.Debug|Any CPU.ActiveCfg = Debug|Any CPU
		{0BBA0441-0AB7-4112-946B-521C9CEC7367}.Debug|Any CPU.Build.0 = Debug|Any CPU
		{0BBA0441-0AB7-4112-946B-521C9CEC7367}.Release|Any CPU.ActiveCfg = Release|Any CPU
		{0BBA0441-0AB7-4112-946B-521C9CEC7367}.Release|Any CPU.Build.0 = Release|Any CPU
	EndGlobalSection
	GlobalSection(SolutionProperties) = preSolution
		HideSolutionNode = FALSE
	EndGlobalSection
	GlobalSection(ExtensibilityGlobals) = postSolution
		SolutionGuid = {B63CD5C5-F582-48BD-8F13-B54D8C963522}
	EndGlobalSection
EndGlobal
